Microsoft Visual Studio Solution File, Format Version 11.00
# Visual Studio 2008

Project("{1DE9FD2F-9E32-7E41-A095-7EA303C3B28B}") = "code for project", "Assembly-CSharp-vs.csproj", "{A4A8159A-982B-65A8-5E94-24E2A8294A1C}"
EndProject
Global
	GlobalSection(SolutionConfigurationPlatforms) = preSolution
		Debug|Any CPU = Debug|Any CPU
		Release|Any CPU = Release|Any CPU
	EndGlobalSection
	GlobalSection(ProjectConfigurationPlatforms) = postSolution
		{A4A8159A-982B-65A8-5E94-24E2A8294A1C}.Debug|Any CPU.ActiveCfg = Debug|Any CPU
		{A4A8159A-982B-65A8-5E94-24E2A8294A1C}.Debug|Any CPU.Build.0 = Debug|Any CPU
		{A4A8159A-982B-65A8-5E94-24E2A8294A1C}.Release|Any CPU.ActiveCfg = Release|Any CPU
		{A4A8159A-982B-65A8-5E94-24E2A8294A1C}.Release|Any CPU.Build.0 = Release|Any CPU
	EndGlobalSection
	GlobalSection(SolutionProperties) = preSolution
		HideSolutionNode = FALSE
	EndGlobalSection
					GlobalSection(MonoDevelopProperties) = preSolution
		StartupItem = Assembly-CSharp.csproj
		Policies = $0
		$0.TextStylePolicy = $1
		$1.inheritsSet = null
		$1.scope = text/x-csharp
		$0.CSharpFormattingPolicy = $2
		$2.inheritsSet = Mono
		$2.inheritsScope = text/x-csharp
		$2.scope = text/x-csharp
		$0.TextStylePolicy = $3
		$3.FileWidth = 120
		$3.TabWidth = 4
		$3.EolMarker = Unix
		$3.inheritsSet = Mono
		$3.inheritsScope = text/plain
		$3.scope = text/plain
	EndGlobalSection

EndGlobal
